
Microsoft Visual Studio Solution File, Format Version 12.00
# Visual Studio Version 17
VisualStudioVersion = 17.3.32901.215
MinimumVisualStudioVersion = 10.0.40219.1
Project("{FAE04EC0-301F-11D3-BF4B-00C04F79EFBC}") = "1.Two_Sum", "1.Two_Sum\1.Two_Sum.csproj", "{224C5DA1-F8DE-4303-A54E-B7C1299F13CE}"
EndProject
Project("{FAE04EC0-301F-11D3-BF4B-00C04F79EFBC}") = "testing", "testing\testing.csproj", "{8B60B104-6A13-41D5-AF6A-F44DE3560048}"
EndProject
Global
	GlobalSection(SolutionConfigurationPlatforms) = preSolution
		Debug|Any CPU = Debug|Any CPU
		Release|Any CPU = Release|Any CPU
	EndGlobalSection
	GlobalSection(ProjectConfigurationPlatforms) = postSolution
		{224C5DA1-F8DE-4303-A54E-B7C1299F13CE}.Debug|Any CPU.ActiveCfg = Debug|Any CPU
		{224C5DA1-F8DE-4303-A54E-B7C1299F13CE}.Debug|Any CPU.Build.0 = Debug|Any CPU
		{224C5DA1-F8DE-4303-A54E-B7C1299F13CE}.Release|Any CPU.ActiveCfg = Release|Any CPU
		{224C5DA1-F8DE-4303-A54E-B7C1299F13CE}.Release|Any CPU.Build.0 = Release|Any CPU
		{8B60B104-6A13-41D5-AF6A-F44DE3560048}.Debug|Any CPU.ActiveCfg = Debug|Any CPU
		{8B60B104-6A13-41D5-AF6A-F44DE3560048}.Debug|Any CPU.Build.0 = Debug|Any CPU
		{8B60B104-6A13-41D5-AF6A-F44DE3560048}.Release|Any CPU.ActiveCfg = Release|Any CPU
		{8B60B104-6A13-41D5-AF6A-F44DE3560048}.Release|Any CPU.Build.0 = Release|Any CPU
	EndGlobalSection
	GlobalSection(SolutionProperties) = preSolution
		HideSolutionNode = FALSE
	EndGlobalSection
	GlobalSection(ExtensibilityGlobals) = postSolution
		SolutionGuid = {C0162B04-5F45-412D-A68F-285B366CD25D}
	EndGlobalSection
EndGlobal
